// !$*UTF8*$!
{
	archiveVersion = 1;
	classes = {
	};
	objectVersion = 56;
	objects = {

/* Begin PBXBuildFile section */
		901D8F302A0766460012F607 /* BaseViewController.swift in Sources */ = {isa = PBXBuildFile; fileRef = 901D8F2F2A0766460012F607 /* BaseViewController.swift */; };
		901D8F322A0766E80012F607 /* BaseView.swift in Sources */ = {isa = PBXBuildFile; fileRef = 901D8F312A0766E80012F607 /* BaseView.swift */; };
		901D8F352A0767020012F607 /* BaseProtocol.swift in Sources */ = {isa = PBXBuildFile; fileRef = 901D8F342A0767020012F607 /* BaseProtocol.swift */; };
		901D8F372A0767450012F607 /* ConnectionError.swift in Sources */ = {isa = PBXBuildFile; fileRef = 901D8F362A0767450012F607 /* ConnectionError.swift */; };
		901D8F3A2A07676C0012F607 /* AnyCancelTaskBag.swift in Sources */ = {isa = PBXBuildFile; fileRef = 901D8F392A07676C0012F607 /* AnyCancelTaskBag.swift */; };
		901D8F3D2A0767A10012F607 /* AnyCancellableTask.swift in Sources */ = {isa = PBXBuildFile; fileRef = 901D8F3C2A0767A10012F607 /* AnyCancellableTask.swift */; };
		901D8F672A0790620012F607 /* MainView.swift in Sources */ = {isa = PBXBuildFile; fileRef = 901D8F662A0790620012F607 /* MainView.swift */; };
		901D8F692A0791FD0012F607 /* CalendarView.swift in Sources */ = {isa = PBXBuildFile; fileRef = 901D8F682A0791FD0012F607 /* CalendarView.swift */; };
		901D8F6B2A0792340012F607 /* CalendarCollectionViewCell.swift in Sources */ = {isa = PBXBuildFile; fileRef = 901D8F6A2A0792340012F607 /* CalendarCollectionViewCell.swift */; };
		901D8F6D2A0792750012F607 /* ReusableCells.swift in Sources */ = {isa = PBXBuildFile; fileRef = 901D8F6C2A0792750012F607 /* ReusableCells.swift */; };
		901D8F702A0794110012F607 /* Color+Extensions.swift in Sources */ = {isa = PBXBuildFile; fileRef = 901D8F6F2A0794110012F607 /* Color+Extensions.swift */; };
		901D8F722A079AE20012F607 /* CalendarEvent.swift in Sources */ = {isa = PBXBuildFile; fileRef = 901D8F712A079AE20012F607 /* CalendarEvent.swift */; };
		901D8F762A07A08B0012F607 /* Memo.swift in Sources */ = {isa = PBXBuildFile; fileRef = 901D8F752A07A08B0012F607 /* Memo.swift */; };
		901D8F792A07AD390012F607 /* MemoTitleView.swift in Sources */ = {isa = PBXBuildFile; fileRef = 901D8F782A07AD390012F607 /* MemoTitleView.swift */; };
		901D8F7C2A07CC8C0012F607 /* Date+Extensions.swift in Sources */ = {isa = PBXBuildFile; fileRef = 901D8F7B2A07CC8C0012F607 /* Date+Extensions.swift */; };
		901D8F7E2A07CDED0012F607 /* CalendarViewModel.swift in Sources */ = {isa = PBXBuildFile; fileRef = 901D8F7D2A07CDED0012F607 /* CalendarViewModel.swift */; };
		901D8F802A07D7F10012F607 /* String+Extensions.swift in Sources */ = {isa = PBXBuildFile; fileRef = 901D8F7F2A07D7F10012F607 /* String+Extensions.swift */; };
		901D8F822A08723E0012F607 /* MainNavigationBarView.swift in Sources */ = {isa = PBXBuildFile; fileRef = 901D8F812A08723E0012F607 /* MainNavigationBarView.swift */; };
		901D8F842A0874BF0012F607 /* MainHeaderView.swift in Sources */ = {isa = PBXBuildFile; fileRef = 901D8F832A0874BF0012F607 /* MainHeaderView.swift */; };
		901D8F942A0885B20012F607 /* JZCalendarWeekView.framework in Frameworks */ = {isa = PBXBuildFile; fileRef = 901D8F912A0885A90012F607 /* JZCalendarWeekView.framework */; };
		901D8F952A0885B30012F607 /* JZCalendarWeekView.framework in Embed Frameworks */ = {isa = PBXBuildFile; fileRef = 901D8F912A0885A90012F607 /* JZCalendarWeekView.framework */; settings = {ATTRIBUTES = (CodeSignOnCopy, RemoveHeadersOnCopy, ); }; };
		9089E78E2A07281300A83580 /* AppDelegate.swift in Sources */ = {isa = PBXBuildFile; fileRef = 9089E78D2A07281300A83580 /* AppDelegate.swift */; };
		9089E7902A07281300A83580 /* SceneDelegate.swift in Sources */ = {isa = PBXBuildFile; fileRef = 9089E78F2A07281300A83580 /* SceneDelegate.swift */; };
		9089E7922A07281300A83580 /* CalendarViewController.swift in Sources */ = {isa = PBXBuildFile; fileRef = 9089E7912A07281300A83580 /* CalendarViewController.swift */; };
		9089E7972A07281400A83580 /* Assets.xcassets in Resources */ = {isa = PBXBuildFile; fileRef = 9089E7962A07281400A83580 /* Assets.xcassets */; };
		9089E79A2A07281400A83580 /* LaunchScreen.storyboard in Resources */ = {isa = PBXBuildFile; fileRef = 9089E7982A07281400A83580 /* LaunchScreen.storyboard */; };
		9089E7BA2A072B8200A83580 /* DataTransferService.swift in Sources */ = {isa = PBXBuildFile; fileRef = 9089E7AA2A072B8200A83580 /* DataTransferService.swift */; };
		9089E7BB2A072B8200A83580 /* NetworkService.swift in Sources */ = {isa = PBXBuildFile; fileRef = 9089E7AB2A072B8200A83580 /* NetworkService.swift */; };
		9089E7BC2A072B8200A83580 /* BodyEncoding.swift in Sources */ = {isa = PBXBuildFile; fileRef = 9089E7AD2A072B8200A83580 /* BodyEncoding.swift */; };
		9089E7BD2A072B8200A83580 /* Requestable.swift in Sources */ = {isa = PBXBuildFile; fileRef = 9089E7AE2A072B8200A83580 /* Requestable.swift */; };
		9089E7BE2A072B8200A83580 /* HTTPMethod.swift in Sources */ = {isa = PBXBuildFile; fileRef = 9089E7AF2A072B8200A83580 /* HTTPMethod.swift */; };
		9089E7BF2A072B8200A83580 /* ResponseDecoder.swift in Sources */ = {isa = PBXBuildFile; fileRef = 9089E7B02A072B8200A83580 /* ResponseDecoder.swift */; };
		9089E7C02A072B8200A83580 /* APIDataNetworkConfiguration.swift in Sources */ = {isa = PBXBuildFile; fileRef = 9089E7B12A072B8200A83580 /* APIDataNetworkConfiguration.swift */; };
		9089E7C12A072B8200A83580 /* Endpoint.swift in Sources */ = {isa = PBXBuildFile; fileRef = 9089E7B22A072B8200A83580 /* Endpoint.swift */; };
		9089E7C22A072B8200A83580 /* NetworkSessionManager.swift in Sources */ = {isa = PBXBuildFile; fileRef = 9089E7B32A072B8200A83580 /* NetworkSessionManager.swift */; };
		9089E7C32A072B8200A83580 /* DataTransferError.swift in Sources */ = {isa = PBXBuildFile; fileRef = 9089E7B52A072B8200A83580 /* DataTransferError.swift */; };
		9089E7C42A072B8200A83580 /* NetworkError.swift in Sources */ = {isa = PBXBuildFile; fileRef = 9089E7B62A072B8200A83580 /* NetworkError.swift */; };
/* End PBXBuildFile section */

/* Begin PBXContainerItemProxy section */
		901D8F902A0885A90012F607 /* PBXContainerItemProxy */ = {
			isa = PBXContainerItemProxy;
			containerPortal = 901D8F8B2A0885A90012F607 /* JZCalendarWeekView.xcodeproj */;
			proxyType = 2;
			remoteGlobalIDString = 8E1BA94A206B4329007BE13C;
			remoteInfo = JZCalendarWeekView;
		};
		901D8F922A0885A90012F607 /* PBXContainerItemProxy */ = {
			isa = PBXContainerItemProxy;
			containerPortal = 901D8F8B2A0885A90012F607 /* JZCalendarWeekView.xcodeproj */;
			proxyType = 2;
			remoteGlobalIDString = 8E023C75206C6E4B00C523BE;
			remoteInfo = JZCalendarWeekViewTests;
		};
/* End PBXContainerItemProxy section */

/* Begin PBXCopyFilesBuildPhase section */
		901D8F962A0885B30012F607 /* Embed Frameworks */ = {
			isa = PBXCopyFilesBuildPhase;
			buildActionMask = 2147483647;
			dstPath = "";
			dstSubfolderSpec = 10;
			files = (
				901D8F952A0885B30012F607 /* JZCalendarWeekView.framework in Embed Frameworks */,
			);
			name = "Embed Frameworks";
			runOnlyForDeploymentPostprocessing = 0;
		};
/* End PBXCopyFilesBuildPhase section */

/* Begin PBXFileReference section */
		901D8F2F2A0766460012F607 /* BaseViewController.swift */ = {isa = PBXFileReference; lastKnownFileType = sourcecode.swift; path = BaseViewController.swift; sourceTree = "<group>"; };
		901D8F312A0766E80012F607 /* BaseView.swift */ = {isa = PBXFileReference; lastKnownFileType = sourcecode.swift; path = BaseView.swift; sourceTree = "<group>"; };
		901D8F342A0767020012F607 /* BaseProtocol.swift */ = {isa = PBXFileReference; lastKnownFileType = sourcecode.swift; path = BaseProtocol.swift; sourceTree = "<group>"; };
		901D8F362A0767450012F607 /* ConnectionError.swift */ = {isa = PBXFileReference; lastKnownFileType = sourcecode.swift; path = ConnectionError.swift; sourceTree = "<group>"; };
		901D8F392A07676C0012F607 /* AnyCancelTaskBag.swift */ = {isa = PBXFileReference; lastKnownFileType = sourcecode.swift; path = AnyCancelTaskBag.swift; sourceTree = "<group>"; };
		901D8F3C2A0767A10012F607 /* AnyCancellableTask.swift */ = {isa = PBXFileReference; lastKnownFileType = sourcecode.swift; path = AnyCancellableTask.swift; sourceTree = "<group>"; };
		901D8F662A0790620012F607 /* MainView.swift */ = {isa = PBXFileReference; lastKnownFileType = sourcecode.swift; path = MainView.swift; sourceTree = "<group>"; };
		901D8F682A0791FD0012F607 /* CalendarView.swift */ = {isa = PBXFileReference; lastKnownFileType = sourcecode.swift; path = CalendarView.swift; sourceTree = "<group>"; };
		901D8F6A2A0792340012F607 /* CalendarCollectionViewCell.swift */ = {isa = PBXFileReference; lastKnownFileType = sourcecode.swift; path = CalendarCollectionViewCell.swift; sourceTree = "<group>"; };
		901D8F6C2A0792750012F607 /* ReusableCells.swift */ = {isa = PBXFileReference; lastKnownFileType = sourcecode.swift; path = ReusableCells.swift; sourceTree = "<group>"; };
		901D8F6F2A0794110012F607 /* Color+Extensions.swift */ = {isa = PBXFileReference; lastKnownFileType = sourcecode.swift; path = "Color+Extensions.swift"; sourceTree = "<group>"; };
		901D8F712A079AE20012F607 /* CalendarEvent.swift */ = {isa = PBXFileReference; lastKnownFileType = sourcecode.swift; path = CalendarEvent.swift; sourceTree = "<group>"; };
		901D8F752A07A08B0012F607 /* Memo.swift */ = {isa = PBXFileReference; lastKnownFileType = sourcecode.swift; path = Memo.swift; sourceTree = "<group>"; };
		901D8F782A07AD390012F607 /* MemoTitleView.swift */ = {isa = PBXFileReference; lastKnownFileType = sourcecode.swift; path = MemoTitleView.swift; sourceTree = "<group>"; };
		901D8F7B2A07CC8C0012F607 /* Date+Extensions.swift */ = {isa = PBXFileReference; lastKnownFileType = sourcecode.swift; path = "Date+Extensions.swift"; sourceTree = "<group>"; };
		901D8F7D2A07CDED0012F607 /* CalendarViewModel.swift */ = {isa = PBXFileReference; lastKnownFileType = sourcecode.swift; path = CalendarViewModel.swift; sourceTree = "<group>"; };
		901D8F7F2A07D7F10012F607 /* String+Extensions.swift */ = {isa = PBXFileReference; lastKnownFileType = sourcecode.swift; path = "String+Extensions.swift"; sourceTree = "<group>"; };
		901D8F812A08723E0012F607 /* MainNavigationBarView.swift */ = {isa = PBXFileReference; lastKnownFileType = sourcecode.swift; path = MainNavigationBarView.swift; sourceTree = "<group>"; };
		901D8F832A0874BF0012F607 /* MainHeaderView.swift */ = {isa = PBXFileReference; lastKnownFileType = sourcecode.swift; path = MainHeaderView.swift; sourceTree = "<group>"; };
		901D8F8B2A0885A90012F607 /* JZCalendarWeekView.xcodeproj */ = {isa = PBXFileReference; lastKnownFileType = "wrapper.pb-project"; name = JZCalendarWeekView.xcodeproj; path = JZCalendarWeekView/JZCalendarWeekView.xcodeproj; sourceTree = "<group>"; };
		9089E78A2A07281300A83580 /* CalendarApp.app */ = {isa = PBXFileReference; explicitFileType = wrapper.application; includeInIndex = 0; path = CalendarApp.app; sourceTree = BUILT_PRODUCTS_DIR; };
		9089E78D2A07281300A83580 /* AppDelegate.swift */ = {isa = PBXFileReference; lastKnownFileType = sourcecode.swift; path = AppDelegate.swift; sourceTree = "<group>"; };
		9089E78F2A07281300A83580 /* SceneDelegate.swift */ = {isa = PBXFileReference; lastKnownFileType = sourcecode.swift; path = SceneDelegate.swift; sourceTree = "<group>"; };
		9089E7912A07281300A83580 /* CalendarViewController.swift */ = {isa = PBXFileReference; lastKnownFileType = sourcecode.swift; path = CalendarViewController.swift; sourceTree = "<group>"; };
		9089E7962A07281400A83580 /* Assets.xcassets */ = {isa = PBXFileReference; lastKnownFileType = folder.assetcatalog; path = Assets.xcassets; sourceTree = "<group>"; };
		9089E7992A07281400A83580 /* Base */ = {isa = PBXFileReference; lastKnownFileType = file.storyboard; name = Base; path = Base.lproj/LaunchScreen.storyboard; sourceTree = "<group>"; };
		9089E79B2A07281400A83580 /* Info.plist */ = {isa = PBXFileReference; lastKnownFileType = text.plist.xml; path = Info.plist; sourceTree = "<group>"; };
		9089E7AA2A072B8200A83580 /* DataTransferService.swift */ = {isa = PBXFileReference; fileEncoding = 4; lastKnownFileType = sourcecode.swift; path = DataTransferService.swift; sourceTree = "<group>"; };
		9089E7AB2A072B8200A83580 /* NetworkService.swift */ = {isa = PBXFileReference; fileEncoding = 4; lastKnownFileType = sourcecode.swift; path = NetworkService.swift; sourceTree = "<group>"; };
		9089E7AD2A072B8200A83580 /* BodyEncoding.swift */ = {isa = PBXFileReference; fileEncoding = 4; lastKnownFileType = sourcecode.swift; path = BodyEncoding.swift; sourceTree = "<group>"; };
		9089E7AE2A072B8200A83580 /* Requestable.swift */ = {isa = PBXFileReference; fileEncoding = 4; lastKnownFileType = sourcecode.swift; path = Requestable.swift; sourceTree = "<group>"; };
		9089E7AF2A072B8200A83580 /* HTTPMethod.swift */ = {isa = PBXFileReference; fileEncoding = 4; lastKnownFileType = sourcecode.swift; path = HTTPMethod.swift; sourceTree = "<group>"; };
		9089E7B02A072B8200A83580 /* ResponseDecoder.swift */ = {isa = PBXFileReference; fileEncoding = 4; lastKnownFileType = sourcecode.swift; path = ResponseDecoder.swift; sourceTree = "<group>"; };
		9089E7B12A072B8200A83580 /* APIDataNetworkConfiguration.swift */ = {isa = PBXFileReference; fileEncoding = 4; lastKnownFileType = sourcecode.swift; path = APIDataNetworkConfiguration.swift; sourceTree = "<group>"; };
		9089E7B22A072B8200A83580 /* Endpoint.swift */ = {isa = PBXFileReference; fileEncoding = 4; lastKnownFileType = sourcecode.swift; path = Endpoint.swift; sourceTree = "<group>"; };
		9089E7B32A072B8200A83580 /* NetworkSessionManager.swift */ = {isa = PBXFileReference; fileEncoding = 4; lastKnownFileType = sourcecode.swift; path = NetworkSessionManager.swift; sourceTree = "<group>"; };
		9089E7B52A072B8200A83580 /* DataTransferError.swift */ = {isa = PBXFileReference; fileEncoding = 4; lastKnownFileType = sourcecode.swift; path = DataTransferError.swift; sourceTree = "<group>"; };
		9089E7B62A072B8200A83580 /* NetworkError.swift */ = {isa = PBXFileReference; fileEncoding = 4; lastKnownFileType = sourcecode.swift; path = NetworkError.swift; sourceTree = "<group>"; };
/* End PBXFileReference section */

/* Begin PBXFrameworksBuildPhase section */
		9089E7872A07281300A83580 /* Frameworks */ = {
			isa = PBXFrameworksBuildPhase;
			buildActionMask = 2147483647;
			files = (
				901D8F942A0885B20012F607 /* JZCalendarWeekView.framework in Frameworks */,
			);
			runOnlyForDeploymentPostprocessing = 0;
		};
/* End PBXFrameworksBuildPhase section */

/* Begin PBXGroup section */
		901D8F2E2A0766380012F607 /* Utils */ = {
			isa = PBXGroup;
			children = (
				901D8F382A07674A0012F607 /* View */,
				901D8F6C2A0792750012F607 /* ReusableCells.swift */,
			);
			path = Utils;
			sourceTree = "<group>";
		};
		901D8F332A0766F70012F607 /* Protocol */ = {
			isa = PBXGroup;
			children = (
				901D8F342A0767020012F607 /* BaseProtocol.swift */,
			);
			path = Protocol;
			sourceTree = "<group>";
		};
		901D8F382A07674A0012F607 /* View */ = {
			isa = PBXGroup;
			children = (
				901D8F332A0766F70012F607 /* Protocol */,
				901D8F2F2A0766460012F607 /* BaseViewController.swift */,
				901D8F312A0766E80012F607 /* BaseView.swift */,
			);
			path = View;
			sourceTree = "<group>";
		};
		901D8F3B2A07677B0012F607 /* Utils */ = {
			isa = PBXGroup;
			children = (
				901D8F362A0767450012F607 /* ConnectionError.swift */,
				901D8F6E2A0794060012F607 /* Extensions */,
				901D8F3E2A0767AA0012F607 /* AnyTask */,
			);
			path = Utils;
			sourceTree = "<group>";
		};
		901D8F3E2A0767AA0012F607 /* AnyTask */ = {
			isa = PBXGroup;
			children = (
				901D8F392A07676C0012F607 /* AnyCancelTaskBag.swift */,
				901D8F3C2A0767A10012F607 /* AnyCancellableTask.swift */,
			);
			path = AnyTask;
			sourceTree = "<group>";
		};
		901D8F5F2A078DB20012F607 /* Frameworks */ = {
			isa = PBXGroup;
			children = (
				901D8F8B2A0885A90012F607 /* JZCalendarWeekView.xcodeproj */,
			);
			path = Frameworks;
			sourceTree = "<group>";
		};
		901D8F632A078F490012F607 /* Main */ = {
			isa = PBXGroup;
			children = (
				901D8F652A078F620012F607 /* ViewModel */,
				901D8F642A078F5E0012F607 /* View */,
				9089E7912A07281300A83580 /* CalendarViewController.swift */,
			);
			path = Main;
			sourceTree = "<group>";
		};
		901D8F642A078F5E0012F607 /* View */ = {
			isa = PBXGroup;
			children = (
				901D8F662A0790620012F607 /* MainView.swift */,
				901D8F812A08723E0012F607 /* MainNavigationBarView.swift */,
				901D8F832A0874BF0012F607 /* MainHeaderView.swift */,
				901D8F7A2A07C4480012F607 /* CalendarView */,
			);
			path = View;
			sourceTree = "<group>";
		};
		901D8F652A078F620012F607 /* ViewModel */ = {
			isa = PBXGroup;
			children = (
				901D8F7D2A07CDED0012F607 /* CalendarViewModel.swift */,
			);
			path = ViewModel;
			sourceTree = "<group>";
		};
		901D8F6E2A0794060012F607 /* Extensions */ = {
			isa = PBXGroup;
			children = (
				901D8F6F2A0794110012F607 /* Color+Extensions.swift */,
				901D8F7B2A07CC8C0012F607 /* Date+Extensions.swift */,
				901D8F7F2A07D7F10012F607 /* String+Extensions.swift */,
			);
			path = Extensions;
			sourceTree = "<group>";
		};
		901D8F772A07A1AB0012F607 /* Entities */ = {
			isa = PBXGroup;
			children = (
				901D8F752A07A08B0012F607 /* Memo.swift */,
				901D8F712A079AE20012F607 /* CalendarEvent.swift */,
			);
			path = Entities;
			sourceTree = "<group>";
		};
		901D8F7A2A07C4480012F607 /* CalendarView */ = {
			isa = PBXGroup;
			children = (
				901D8F682A0791FD0012F607 /* CalendarView.swift */,
				901D8F6A2A0792340012F607 /* CalendarCollectionViewCell.swift */,
				901D8F782A07AD390012F607 /* MemoTitleView.swift */,
			);
			path = CalendarView;
			sourceTree = "<group>";
		};
		901D8F8C2A0885A90012F607 /* Products */ = {
			isa = PBXGroup;
			children = (
				901D8F912A0885A90012F607 /* JZCalendarWeekView.framework */,
				901D8F932A0885A90012F607 /* JZCalendarWeekViewTests.xctest */,
			);
			name = Products;
			sourceTree = "<group>";
		};
		9089E7812A07281300A83580 = {
			isa = PBXGroup;
			children = (
				9089E78C2A07281300A83580 /* CalendarApp */,
				901D8F5F2A078DB20012F607 /* Frameworks */,
				9089E78B2A07281300A83580 /* Products */,
			);
			sourceTree = "<group>";
		};
		9089E78B2A07281300A83580 /* Products */ = {
			isa = PBXGroup;
			children = (
				9089E78A2A07281300A83580 /* CalendarApp.app */,
			);
			name = Products;
			sourceTree = "<group>";
		};
		9089E78C2A07281300A83580 /* CalendarApp */ = {
			isa = PBXGroup;
			children = (
				9089E7A22A072A9C00A83580 /* Application */,
				9089E7A32A072AA800A83580 /* Presentation */,
				9089E7A52A072AB900A83580 /* Domain */,
				9089E7A42A072AB400A83580 /* Data */,
				9089E7A82A072B8200A83580 /* Infrastructure */,
				901D8F3B2A07677B0012F607 /* Utils */,
				9089E7A12A072A0800A83580 /* Resources */,
			);
			path = CalendarApp;
			sourceTree = "<group>";
		};
		9089E7A12A072A0800A83580 /* Resources */ = {
			isa = PBXGroup;
			children = (
				9089E7962A07281400A83580 /* Assets.xcassets */,
				9089E7982A07281400A83580 /* LaunchScreen.storyboard */,
				9089E79B2A07281400A83580 /* Info.plist */,
			);
			path = Resources;
			sourceTree = "<group>";
		};
		9089E7A22A072A9C00A83580 /* Application */ = {
			isa = PBXGroup;
			children = (
				9089E78D2A07281300A83580 /* AppDelegate.swift */,
				9089E78F2A07281300A83580 /* SceneDelegate.swift */,
			);
			path = Application;
			sourceTree = "<group>";
		};
		9089E7A32A072AA800A83580 /* Presentation */ = {
			isa = PBXGroup;
			children = (
				901D8F632A078F490012F607 /* Main */,
				901D8F2E2A0766380012F607 /* Utils */,
			);
			path = Presentation;
			sourceTree = "<group>";
		};
		9089E7A42A072AB400A83580 /* Data */ = {
			isa = PBXGroup;
			children = (
			);
			path = Data;
			sourceTree = "<group>";
		};
		9089E7A52A072AB900A83580 /* Domain */ = {
			isa = PBXGroup;
			children = (
				901D8F772A07A1AB0012F607 /* Entities */,
			);
			path = Domain;
			sourceTree = "<group>";
		};
		9089E7A82A072B8200A83580 /* Infrastructure */ = {
			isa = PBXGroup;
			children = (
				9089E7A92A072B8200A83580 /* Network */,
				9089E7B72A072B8200A83580 /* Repositories */,
			);
			name = Infrastructure;
			path = Infrastructure/Network/Infrastructure;
			sourceTree = "<group>";
		};
		9089E7A92A072B8200A83580 /* Network */ = {
			isa = PBXGroup;
			children = (
				9089E7AA2A072B8200A83580 /* DataTransferService.swift */,
				9089E7AB2A072B8200A83580 /* NetworkService.swift */,
				9089E7AC2A072B8200A83580 /* Endpoint */,
				9089E7B32A072B8200A83580 /* NetworkSessionManager.swift */,
				9089E7B42A072B8200A83580 /* Error */,
			);
			path = Network;
			sourceTree = "<group>";
		};
		9089E7AC2A072B8200A83580 /* Endpoint */ = {
			isa = PBXGroup;
			children = (
				9089E7AD2A072B8200A83580 /* BodyEncoding.swift */,
				9089E7AE2A072B8200A83580 /* Requestable.swift */,
				9089E7AF2A072B8200A83580 /* HTTPMethod.swift */,
				9089E7B02A072B8200A83580 /* ResponseDecoder.swift */,
				9089E7B12A072B8200A83580 /* APIDataNetworkConfiguration.swift */,
				9089E7B22A072B8200A83580 /* Endpoint.swift */,
			);
			path = Endpoint;
			sourceTree = "<group>";
		};
		9089E7B42A072B8200A83580 /* Error */ = {
			isa = PBXGroup;
			children = (
				9089E7B52A072B8200A83580 /* DataTransferError.swift */,
				9089E7B62A072B8200A83580 /* NetworkError.swift */,
			);
			path = Error;
			sourceTree = "<group>";
		};
		9089E7B72A072B8200A83580 /* Repositories */ = {
			isa = PBXGroup;
			children = (
			);
			path = Repositories;
			sourceTree = "<group>";
		};
/* End PBXGroup section */

/* Begin PBXNativeTarget section */
		9089E7892A07281300A83580 /* CalendarApp */ = {
			isa = PBXNativeTarget;
			buildConfigurationList = 9089E79E2A07281400A83580 /* Build configuration list for PBXNativeTarget "CalendarApp" */;
			buildPhases = (
				9089E7862A07281300A83580 /* Sources */,
				9089E7872A07281300A83580 /* Frameworks */,
				9089E7882A07281300A83580 /* Resources */,
				901D8F962A0885B30012F607 /* Embed Frameworks */,
			);
			buildRules = (
			);
			dependencies = (
			);
			name = CalendarApp;
			packageProductDependencies = (
			);
			productName = CalendarApp;
			productReference = 9089E78A2A07281300A83580 /* CalendarApp.app */;
			productType = "com.apple.product-type.application";
		};
/* End PBXNativeTarget section */

/* Begin PBXProject section */
		9089E7822A07281300A83580 /* Project object */ = {
			isa = PBXProject;
			attributes = {
				BuildIndependentTargetsInParallel = 1;
				LastSwiftUpdateCheck = 1430;
				LastUpgradeCheck = 1430;
				TargetAttributes = {
					9089E7892A07281300A83580 = {
						CreatedOnToolsVersion = 14.3;
					};
				};
			};
			buildConfigurationList = 9089E7852A07281300A83580 /* Build configuration list for PBXProject "CalendarApp" */;
			compatibilityVersion = "Xcode 14.0";
			developmentRegion = en;
			hasScannedForEncodings = 0;
			knownRegions = (
				en,
				Base,
			);
			mainGroup = 9089E7812A07281300A83580;
			packageReferences = (
			);
			productRefGroup = 9089E78B2A07281300A83580 /* Products */;
			projectDirPath = "";
			projectReferences = (
				{
					ProductGroup = 901D8F8C2A0885A90012F607 /* Products */;
					ProjectRef = 901D8F8B2A0885A90012F607 /* JZCalendarWeekView.xcodeproj */;
				},
			);
			projectRoot = "";
			targets = (
				9089E7892A07281300A83580 /* CalendarApp */,
			);
		};
/* End PBXProject section */

/* Begin PBXReferenceProxy section */
		901D8F912A0885A90012F607 /* JZCalendarWeekView.framework */ = {
			isa = PBXReferenceProxy;
			fileType = wrapper.framework;
			path = JZCalendarWeekView.framework;
			remoteRef = 901D8F902A0885A90012F607 /* PBXContainerItemProxy */;
			sourceTree = BUILT_PRODUCTS_DIR;
		};
		901D8F932A0885A90012F607 /* JZCalendarWeekViewTests.xctest */ = {
			isa = PBXReferenceProxy;
			fileType = wrapper.cfbundle;
			path = JZCalendarWeekViewTests.xctest;
			remoteRef = 901D8F922A0885A90012F607 /* PBXContainerItemProxy */;
			sourceTree = BUILT_PRODUCTS_DIR;
		};
/* End PBXReferenceProxy section */

/* Begin PBXResourcesBuildPhase section */
		9089E7882A07281300A83580 /* Resources */ = {
			isa = PBXResourcesBuildPhase;
			buildActionMask = 2147483647;
			files = (
				9089E79A2A07281400A83580 /* LaunchScreen.storyboard in Resources */,
				9089E7972A07281400A83580 /* Assets.xcassets in Resources */,
			);
			runOnlyForDeploymentPostprocessing = 0;
		};
/* End PBXResourcesBuildPhase section */

/* Begin PBXSourcesBuildPhase section */
		9089E7862A07281300A83580 /* Sources */ = {
			isa = PBXSourcesBuildPhase;
			buildActionMask = 2147483647;
			files = (
				901D8F372A0767450012F607 /* ConnectionError.swift in Sources */,
				901D8F672A0790620012F607 /* MainView.swift in Sources */,
				9089E7BC2A072B8200A83580 /* BodyEncoding.swift in Sources */,
				9089E7C42A072B8200A83580 /* NetworkError.swift in Sources */,
				901D8F6D2A0792750012F607 /* ReusableCells.swift in Sources */,
				901D8F7C2A07CC8C0012F607 /* Date+Extensions.swift in Sources */,
				901D8F702A0794110012F607 /* Color+Extensions.swift in Sources */,
				9089E7BD2A072B8200A83580 /* Requestable.swift in Sources */,
				9089E7BB2A072B8200A83580 /* NetworkService.swift in Sources */,
				901D8F762A07A08B0012F607 /* Memo.swift in Sources */,
				901D8F692A0791FD0012F607 /* CalendarView.swift in Sources */,
				9089E7C22A072B8200A83580 /* NetworkSessionManager.swift in Sources */,
				901D8F302A0766460012F607 /* BaseViewController.swift in Sources */,
				901D8F352A0767020012F607 /* BaseProtocol.swift in Sources */,
				901D8F792A07AD390012F607 /* MemoTitleView.swift in Sources */,
				9089E7BA2A072B8200A83580 /* DataTransferService.swift in Sources */,
				9089E7C32A072B8200A83580 /* DataTransferError.swift in Sources */,
				9089E7C02A072B8200A83580 /* APIDataNetworkConfiguration.swift in Sources */,
				9089E7BE2A072B8200A83580 /* HTTPMethod.swift in Sources */,
				901D8F722A079AE20012F607 /* CalendarEvent.swift in Sources */,
				901D8F3D2A0767A10012F607 /* AnyCancellableTask.swift in Sources */,
				9089E7922A07281300A83580 /* CalendarViewController.swift in Sources */,
				9089E78E2A07281300A83580 /* AppDelegate.swift in Sources */,
				901D8F3A2A07676C0012F607 /* AnyCancelTaskBag.swift in Sources */,
				901D8F7E2A07CDED0012F607 /* CalendarViewModel.swift in Sources */,
				9089E7BF2A072B8200A83580 /* ResponseDecoder.swift in Sources */,
				901D8F6B2A0792340012F607 /* CalendarCollectionViewCell.swift in Sources */,
				901D8F822A08723E0012F607 /* MainNavigationBarView.swift in Sources */,
				901D8F842A0874BF0012F607 /* MainHeaderView.swift in Sources */,
				9089E7C12A072B8200A83580 /* Endpoint.swift in Sources */,
				901D8F802A07D7F10012F607 /* String+Extensions.swift in Sources */,
				9089E7902A07281300A83580 /* SceneDelegate.swift in Sources */,
				901D8F322A0766E80012F607 /* BaseView.swift in Sources */,
			);
			runOnlyForDeploymentPostprocessing = 0;
		};
/* End PBXSourcesBuildPhase section */

/* Begin PBXVariantGroup section */
		9089E7982A07281400A83580 /* LaunchScreen.storyboard */ = {
			isa = PBXVariantGroup;
			children = (
				9089E7992A07281400A83580 /* Base */,
			);
			name = LaunchScreen.storyboard;
			sourceTree = "<group>";
		};
/* End PBXVariantGroup section */

/* Begin XCBuildConfiguration section */
		9089E79C2A07281400A83580 /* Debug */ = {
			isa = XCBuildConfiguration;
			buildSettings = {
				ALWAYS_SEARCH_USER_PATHS = NO;
				CLANG_ANALYZER_NONNULL = YES;
				CLANG_ANALYZER_NUMBER_OBJECT_CONVERSION = YES_AGGRESSIVE;
				CLANG_CXX_LANGUAGE_STANDARD = "gnu++20";
				CLANG_ENABLE_MODULES = YES;
				CLANG_ENABLE_OBJC_ARC = YES;
				CLANG_ENABLE_OBJC_WEAK = YES;
				CLANG_WARN_BLOCK_CAPTURE_AUTORELEASING = YES;
				CLANG_WARN_BOOL_CONVERSION = YES;
				CLANG_WARN_COMMA = YES;
				CLANG_WARN_CONSTANT_CONVERSION = YES;
				CLANG_WARN_DEPRECATED_OBJC_IMPLEMENTATIONS = YES;
				CLANG_WARN_DIRECT_OBJC_ISA_USAGE = YES_ERROR;
				CLANG_WARN_DOCUMENTATION_COMMENTS = YES;
				CLANG_WARN_EMPTY_BODY = YES;
				CLANG_WARN_ENUM_CONVERSION = YES;
				CLANG_WARN_INFINITE_RECURSION = YES;
				CLANG_WARN_INT_CONVERSION = YES;
				CLANG_WARN_NON_LITERAL_NULL_CONVERSION = YES;
				CLANG_WARN_OBJC_IMPLICIT_RETAIN_SELF = YES;
				CLANG_WARN_OBJC_LITERAL_CONVERSION = YES;
				CLANG_WARN_OBJC_ROOT_CLASS = YES_ERROR;
				CLANG_WARN_QUOTED_INCLUDE_IN_FRAMEWORK_HEADER = YES;
				CLANG_WARN_RANGE_LOOP_ANALYSIS = YES;
				CLANG_WARN_STRICT_PROTOTYPES = YES;
				CLANG_WARN_SUSPICIOUS_MOVE = YES;
				CLANG_WARN_UNGUARDED_AVAILABILITY = YES_AGGRESSIVE;
				CLANG_WARN_UNREACHABLE_CODE = YES;
				CLANG_WARN__DUPLICATE_METHOD_MATCH = YES;
				COPY_PHASE_STRIP = NO;
				DEBUG_INFORMATION_FORMAT = dwarf;
				ENABLE_STRICT_OBJC_MSGSEND = YES;
				ENABLE_TESTABILITY = YES;
				GCC_C_LANGUAGE_STANDARD = gnu11;
				GCC_DYNAMIC_NO_PIC = NO;
				GCC_NO_COMMON_BLOCKS = YES;
				GCC_OPTIMIZATION_LEVEL = 0;
				GCC_PREPROCESSOR_DEFINITIONS = (
					"DEBUG=1",
					"$(inherited)",
				);
				GCC_WARN_64_TO_32_BIT_CONVERSION = YES;
				GCC_WARN_ABOUT_RETURN_TYPE = YES_ERROR;
				GCC_WARN_UNDECLARED_SELECTOR = YES;
				GCC_WARN_UNINITIALIZED_AUTOS = YES_AGGRESSIVE;
				GCC_WARN_UNUSED_FUNCTION = YES;
				GCC_WARN_UNUSED_VARIABLE = YES;
				IPHONEOS_DEPLOYMENT_TARGET = 16.4;
				MTL_ENABLE_DEBUG_INFO = INCLUDE_SOURCE;
				MTL_FAST_MATH = YES;
				ONLY_ACTIVE_ARCH = YES;
				SDKROOT = iphoneos;
				SWIFT_ACTIVE_COMPILATION_CONDITIONS = DEBUG;
				SWIFT_OPTIMIZATION_LEVEL = "-Onone";
			};
			name = Debug;
		};
		9089E79D2A07281400A83580 /* Release */ = {
			isa = XCBuildConfiguration;
			buildSettings = {
				ALWAYS_SEARCH_USER_PATHS = NO;
				CLANG_ANALYZER_NONNULL = YES;
				CLANG_ANALYZER_NUMBER_OBJECT_CONVERSION = YES_AGGRESSIVE;
				CLANG_CXX_LANGUAGE_STANDARD = "gnu++20";
				CLANG_ENABLE_MODULES = YES;
				CLANG_ENABLE_OBJC_ARC = YES;
				CLANG_ENABLE_OBJC_WEAK = YES;
				CLANG_WARN_BLOCK_CAPTURE_AUTORELEASING = YES;
				CLANG_WARN_BOOL_CONVERSION = YES;
				CLANG_WARN_COMMA = YES;
				CLANG_WARN_CONSTANT_CONVERSION = YES;
				CLANG_WARN_DEPRECATED_OBJC_IMPLEMENTATIONS = YES;
				CLANG_WARN_DIRECT_OBJC_ISA_USAGE = YES_ERROR;
				CLANG_WARN_DOCUMENTATION_COMMENTS = YES;
				CLANG_WARN_EMPTY_BODY = YES;
				CLANG_WARN_ENUM_CONVERSION = YES;
				CLANG_WARN_INFINITE_RECURSION = YES;
				CLANG_WARN_INT_CONVERSION = YES;
				CLANG_WARN_NON_LITERAL_NULL_CONVERSION = YES;
				CLANG_WARN_OBJC_IMPLICIT_RETAIN_SELF = YES;
				CLANG_WARN_OBJC_LITERAL_CONVERSION = YES;
				CLANG_WARN_OBJC_ROOT_CLASS = YES_ERROR;
				CLANG_WARN_QUOTED_INCLUDE_IN_FRAMEWORK_HEADER = YES;
				CLANG_WARN_RANGE_LOOP_ANALYSIS = YES;
				CLANG_WARN_STRICT_PROTOTYPES = YES;
				CLANG_WARN_SUSPICIOUS_MOVE = YES;
				CLANG_WARN_UNGUARDED_AVAILABILITY = YES_AGGRESSIVE;
				CLANG_WARN_UNREACHABLE_CODE = YES;
				CLANG_WARN__DUPLICATE_METHOD_MATCH = YES;
				COPY_PHASE_STRIP = NO;
				DEBUG_INFORMATION_FORMAT = "dwarf-with-dsym";
				ENABLE_NS_ASSERTIONS = NO;
				ENABLE_STRICT_OBJC_MSGSEND = YES;
				GCC_C_LANGUAGE_STANDARD = gnu11;
				GCC_NO_COMMON_BLOCKS = YES;
				GCC_WARN_64_TO_32_BIT_CONVERSION = YES;
				GCC_WARN_ABOUT_RETURN_TYPE = YES_ERROR;
				GCC_WARN_UNDECLARED_SELECTOR = YES;
				GCC_WARN_UNINITIALIZED_AUTOS = YES_AGGRESSIVE;
				GCC_WARN_UNUSED_FUNCTION = YES;
				GCC_WARN_UNUSED_VARIABLE = YES;
				IPHONEOS_DEPLOYMENT_TARGET = 16.4;
				MTL_ENABLE_DEBUG_INFO = NO;
				MTL_FAST_MATH = YES;
				SDKROOT = iphoneos;
				SWIFT_COMPILATION_MODE = wholemodule;
				SWIFT_OPTIMIZATION_LEVEL = "-O";
				VALIDATE_PRODUCT = YES;
			};
			name = Release;
		};
		9089E79F2A07281400A83580 /* Debug */ = {
			isa = XCBuildConfiguration;
			buildSettings = {
				ASSETCATALOG_COMPILER_APPICON_NAME = AppIcon;
				ASSETCATALOG_COMPILER_GLOBAL_ACCENT_COLOR_NAME = AccentColor;
				CODE_SIGN_STYLE = Automatic;
				CURRENT_PROJECT_VERSION = 1;
				DEVELOPMENT_TEAM = PZ78W9Y6LP;
				GENERATE_INFOPLIST_FILE = YES;
				INFOPLIST_FILE = CalendarApp/Resources/Info.plist;
				INFOPLIST_KEY_UIApplicationSupportsIndirectInputEvents = YES;
				INFOPLIST_KEY_UILaunchStoryboardName = LaunchScreen;
				INFOPLIST_KEY_UISupportedInterfaceOrientations_iPad = "UIInterfaceOrientationPortrait UIInterfaceOrientationPortraitUpsideDown UIInterfaceOrientationLandscapeLeft UIInterfaceOrientationLandscapeRight";
				INFOPLIST_KEY_UISupportedInterfaceOrientations_iPhone = "UIInterfaceOrientationPortrait UIInterfaceOrientationLandscapeLeft UIInterfaceOrientationLandscapeRight";
				LD_RUNPATH_SEARCH_PATHS = (
					"$(inherited)",
					"@executable_path/Frameworks",
				);
				MARKETING_VERSION = 1.0;
				PRODUCT_BUNDLE_IDENTIFIER = com.CalendarApp;
				PRODUCT_NAME = "$(TARGET_NAME)";
				SWIFT_EMIT_LOC_STRINGS = YES;
				SWIFT_VERSION = 5.0;
				TARGETED_DEVICE_FAMILY = "1,2";
			};
			name = Debug;
		};
		9089E7A02A07281400A83580 /* Release */ = {
			isa = XCBuildConfiguration;
			buildSettings = {
				ASSETCATALOG_COMPILER_APPICON_NAME = AppIcon;
				ASSETCATALOG_COMPILER_GLOBAL_ACCENT_COLOR_NAME = AccentColor;
				CODE_SIGN_STYLE = Automatic;
				CURRENT_PROJECT_VERSION = 1;
				DEVELOPMENT_TEAM = PZ78W9Y6LP;
				GENERATE_INFOPLIST_FILE = YES;
				INFOPLIST_FILE = CalendarApp/Resources/Info.plist;
				INFOPLIST_KEY_UIApplicationSupportsIndirectInputEvents = YES;
				INFOPLIST_KEY_UILaunchStoryboardName = LaunchScreen;
				INFOPLIST_KEY_UISupportedInterfaceOrientations_iPad = "UIInterfaceOrientationPortrait UIInterfaceOrientationPortraitUpsideDown UIInterfaceOrientationLandscapeLeft UIInterfaceOrientationLandscapeRight";
				INFOPLIST_KEY_UISupportedInterfaceOrientations_iPhone = "UIInterfaceOrientationPortrait UIInterfaceOrientationLandscapeLeft UIInterfaceOrientationLandscapeRight";
				LD_RUNPATH_SEARCH_PATHS = (
					"$(inherited)",
					"@executable_path/Frameworks",
				);
				MARKETING_VERSION = 1.0;
				PRODUCT_BUNDLE_IDENTIFIER = com.CalendarApp;
				PRODUCT_NAME = "$(TARGET_NAME)";
				SWIFT_EMIT_LOC_STRINGS = YES;
				SWIFT_VERSION = 5.0;
				TARGETED_DEVICE_FAMILY = "1,2";
			};
			name = Release;
		};
/* End XCBuildConfiguration section */

/* Begin XCConfigurationList section */
		9089E7852A07281300A83580 /* Build configuration list for PBXProject "CalendarApp" */ = {
			isa = XCConfigurationList;
			buildConfigurations = (
				9089E79C2A07281400A83580 /* Debug */,
				9089E79D2A07281400A83580 /* Release */,
			);
			defaultConfigurationIsVisible = 0;
			defaultConfigurationName = Release;
		};
		9089E79E2A07281400A83580 /* Build configuration list for PBXNativeTarget "CalendarApp" */ = {
			isa = XCConfigurationList;
			buildConfigurations = (
				9089E79F2A07281400A83580 /* Debug */,
				9089E7A02A07281400A83580 /* Release */,
			);
			defaultConfigurationIsVisible = 0;
			defaultConfigurationName = Release;
		};
/* End XCConfigurationList section */
	};
	rootObject = 9089E7822A07281300A83580 /* Project object */;
}
